
Microsoft Visual Studio Solution File, Format Version 12.00
# Visual Studio Version 16
VisualStudioVersion = 16.0.30907.101
MinimumVisualStudioVersion = 10.0.40219.1
Project("{FAE04EC0-301F-11D3-BF4B-00C04F79EFBC}") = "DataAccess", "DataAccess\DataAccess.csproj", "{C89F3981-3E7C-4B12-98C4-E822306BEC0B}"
EndProject
Project("{FAE04EC0-301F-11D3-BF4B-00C04F79EFBC}") = "Business", "Business\Business.csproj", "{03D0F04A-A8E8-47CE-B550-A7CE6E4C17DC}"
EndProject
Project("{FAE04EC0-301F-11D3-BF4B-00C04F79EFBC}") = "Entities", "Entities\Entities.csproj", "{D822B9F8-8678-4E3D-AD66-EA807608A6A7}"
EndProject
Project("{FAE04EC0-301F-11D3-BF4B-00C04F79EFBC}") = "ConsoleUI", "ConsoleUI\ConsoleUI.csproj", "{25CF62CA-B7EB-4E65-83EF-A68F23B7ADEB}"
EndProject
Global
	GlobalSection(SolutionConfigurationPlatforms) = preSolution
		Debug|Any CPU = Debug|Any CPU
		Release|Any CPU = Release|Any CPU
	EndGlobalSection
	GlobalSection(ProjectConfigurationPlatforms) = postSolution
		{C89F3981-3E7C-4B12-98C4-E822306BEC0B}.Debug|Any CPU.ActiveCfg = Debug|Any CPU
		{C89F3981-3E7C-4B12-98C4-E822306BEC0B}.Debug|Any CPU.Build.0 = Debug|Any CPU
		{C89F3981-3E7C-4B12-98C4-E822306BEC0B}.Release|Any CPU.ActiveCfg = Release|Any CPU
		{C89F3981-3E7C-4B12-98C4-E822306BEC0B}.Release|Any CPU.Build.0 = Release|Any CPU
		{03D0F04A-A8E8-47CE-B550-A7CE6E4C17DC}.Debug|Any CPU.ActiveCfg = Debug|Any CPU
		{03D0F04A-A8E8-47CE-B550-A7CE6E4C17DC}.Debug|Any CPU.Build.0 = Debug|Any CPU
		{03D0F04A-A8E8-47CE-B550-A7CE6E4C17DC}.Release|Any CPU.ActiveCfg = Release|Any CPU
		{03D0F04A-A8E8-47CE-B550-A7CE6E4C17DC}.Release|Any CPU.Build.0 = Release|Any CPU
		{D822B9F8-8678-4E3D-AD66-EA807608A6A7}.Debug|Any CPU.ActiveCfg = Debug|Any CPU
		{D822B9F8-8678-4E3D-AD66-EA807608A6A7}.Debug|Any CPU.Build.0 = Debug|Any CPU
		{D822B9F8-8678-4E3D-AD66-EA807608A6A7}.Release|Any CPU.ActiveCfg = Release|Any CPU
		{D822B9F8-8678-4E3D-AD66-EA807608A6A7}.Release|Any CPU.Build.0 = Release|Any CPU
		{25CF62CA-B7EB-4E65-83EF-A68F23B7ADEB}.Debug|Any CPU.ActiveCfg = Debug|Any CPU
		{25CF62CA-B7EB-4E65-83EF-A68F23B7ADEB}.Debug|Any CPU.Build.0 = Debug|Any CPU
		{25CF62CA-B7EB-4E65-83EF-A68F23B7ADEB}.Release|Any CPU.ActiveCfg = Release|Any CPU
		{25CF62CA-B7EB-4E65-83EF-A68F23B7ADEB}.Release|Any CPU.Build.0 = Release|Any CPU
	EndGlobalSection
	GlobalSection(SolutionProperties) = preSolution
		HideSolutionNode = FALSE
	EndGlobalSection
	GlobalSection(ExtensibilityGlobals) = postSolution
		SolutionGuid = {8C89A1C9-9A5F-4403-8160-F1BA221A1541}
	EndGlobalSection
EndGlobal
